
Microsoft Visual Studio Solution File, Format Version 12.00
# Visual Studio Version 16
VisualStudioVersion = 16.0.32630.194
MinimumVisualStudioVersion = 10.0.40219.1
Project("{FAE04EC0-301F-11D3-BF4B-00C04F79EFBC}") = "SvgViewer", "SvgViewer\SvgViewer.csproj", "{6BFCFE05-8E97-427C-9570-A57CEFCB699C}"
EndProject
Global
	GlobalSection(SolutionConfigurationPlatforms) = preSolution
		Debug|Any CPU = Debug|Any CPU
		Release|Any CPU = Release|Any CPU
	EndGlobalSection
	GlobalSection(ProjectConfigurationPlatforms) = postSolution
		{6BFCFE05-8E97-427C-9570-A57CEFCB699C}.Debug|Any CPU.ActiveCfg = Debug|Any CPU
		{6BFCFE05-8E97-427C-9570-A57CEFCB699C}.Debug|Any CPU.Build.0 = Debug|Any CPU
		{6BFCFE05-8E97-427C-9570-A57CEFCB699C}.Release|Any CPU.ActiveCfg = Release|Any CPU
		{6BFCFE05-8E97-427C-9570-A57CEFCB699C}.Release|Any CPU.Build.0 = Release|Any CPU
	EndGlobalSection
	GlobalSection(SolutionProperties) = preSolution
		HideSolutionNode = FALSE
	EndGlobalSection
	GlobalSection(ExtensibilityGlobals) = postSolution
		SolutionGuid = {C3468BA5-5217-4E9F-98CC-88F0E450C6A3}
	EndGlobalSection
EndGlobal
